
Microsoft Visual Studio Solution File, Format Version 12.00
# Visual Studio Version 16
VisualStudioVersion = 16.0.29409.12
MinimumVisualStudioVersion = 10.0.40219.1
Project("{FAE04EC0-301F-11D3-BF4B-00C04F79EFBC}") = "Winner.Winux", "Winner.Winux.csproj", "{E203083F-667B-4E32-8DF2-227CC980EBF8}"
EndProject
Global
	GlobalSection(SolutionConfigurationPlatforms) = preSolution
		Debug|Any CPU = Debug|Any CPU
		Release|Any CPU = Release|Any CPU
	EndGlobalSection
	GlobalSection(ProjectConfigurationPlatforms) = postSolution
		{E203083F-667B-4E32-8DF2-227CC980EBF8}.Debug|Any CPU.ActiveCfg = Debug|Any CPU
		{E203083F-667B-4E32-8DF2-227CC980EBF8}.Debug|Any CPU.Build.0 = Debug|Any CPU
		{E203083F-667B-4E32-8DF2-227CC980EBF8}.Release|Any CPU.ActiveCfg = Release|Any CPU
		{E203083F-667B-4E32-8DF2-227CC980EBF8}.Release|Any CPU.Build.0 = Release|Any CPU
	EndGlobalSection
	GlobalSection(SolutionProperties) = preSolution
		HideSolutionNode = FALSE
	EndGlobalSection
	GlobalSection(ExtensibilityGlobals) = postSolution
		SolutionGuid = {55DA1F80-0A1E-41A4-BC2B-70CCE95994D3}
	EndGlobalSection
EndGlobal
